uuid: 3b27f31f-3ffe-4ab9-9b0d-b7177d4352f0
langcode: en
status: true
dependencies:
  module:
    - social_topic
    - system
  theme:
    - socialbase
id: topic_add_block
theme: socialbase
region: complementary_top
weight: -98
provider: null
plugin: topic_add_block
settings:
  id: topic_add_block
  label: 'Topic add block'
  provider: social_topic
  label_display: '0'
visibility:
  request_path:
    id: request_path
    pages: '/user/*/topics'
    negate: false
    context_mapping: {  }
