uuid: 8ba1aae7-12e0-4748-bb40-e99bc4800c88
langcode: en
status: true
dependencies:
  module:
    - social_post
    - system
  theme:
    - socialblue
id: socialblue_postblock
theme: socialblue
region: hidden
weight: -7
provider: null
plugin: post_block
settings:
  id: post_block
  label: 'Post block'
  provider: social_post
  label_display: '0'
visibility:
  request_path:
    id: request_path
    pages: /stream
    negate: false
    context_mapping: {  }
